// !$*UTF8*$!
{
	archiveVersion = 1;
	classes = {
	};
	objectVersion = 56;
	objects = {

/* Begin PBXBuildFile section */
		30F7A7592BFFE7D700BA2FD6 /* SwiftUI_X_CoordinatorPatternApp.swift in Sources */ = {isa = PBXBuildFile; fileRef = 30F7A7582BFFE7D700BA2FD6 /* SwiftUI_X_CoordinatorPatternApp.swift */; };
		30F7A75B2BFFE7D700BA2FD6 /* ContentView.swift in Sources */ = {isa = PBXBuildFile; fileRef = 30F7A75A2BFFE7D700BA2FD6 /* ContentView.swift */; };
		30F7A75D2BFFE7D900BA2FD6 /* Assets.xcassets in Resources */ = {isa = PBXBuildFile; fileRef = 30F7A75C2BFFE7D900BA2FD6 /* Assets.xcassets */; };
		30F7A7602BFFE7D900BA2FD6 /* Preview Assets.xcassets in Resources */ = {isa = PBXBuildFile; fileRef = 30F7A75F2BFFE7D900BA2FD6 /* Preview Assets.xcassets */; };
		30F7A7672BFFE80C00BA2FD6 /* MainView.swift in Sources */ = {isa = PBXBuildFile; fileRef = 30F7A7662BFFE80C00BA2FD6 /* MainView.swift */; };
		30F7A7692BFFE81E00BA2FD6 /* CockView.swift in Sources */ = {isa = PBXBuildFile; fileRef = 30F7A7682BFFE81E00BA2FD6 /* CockView.swift */; };
		30F7A76B2BFFE82E00BA2FD6 /* SheepView.swift in Sources */ = {isa = PBXBuildFile; fileRef = 30F7A76A2BFFE82E00BA2FD6 /* SheepView.swift */; };
		30F7A76D2BFFE83A00BA2FD6 /* CatView.swift in Sources */ = {isa = PBXBuildFile; fileRef = 30F7A76C2BFFE83A00BA2FD6 /* CatView.swift */; };
		30F7A76F2BFFE85600BA2FD6 /* SnakeView.swift in Sources */ = {isa = PBXBuildFile; fileRef = 30F7A76E2BFFE85600BA2FD6 /* SnakeView.swift */; };
		30F7A7712BFFE86400BA2FD6 /* CoordinatorView.swift in Sources */ = {isa = PBXBuildFile; fileRef = 30F7A7702BFFE86400BA2FD6 /* CoordinatorView.swift */; };
		30F7A7732BFFE87500BA2FD6 /* Coordinator.swift in Sources */ = {isa = PBXBuildFile; fileRef = 30F7A7722BFFE87500BA2FD6 /* Coordinator.swift */; };
/* End PBXBuildFile section */

/* Begin PBXFileReference section */
		30F7A7552BFFE7D700BA2FD6 /* SwiftUI X CoordinatorPattern.app */ = {isa = PBXFileReference; explicitFileType = wrapper.application; includeInIndex = 0; path = "SwiftUI X CoordinatorPattern.app"; sourceTree = BUILT_PRODUCTS_DIR; };
		30F7A7582BFFE7D700BA2FD6 /* SwiftUI_X_CoordinatorPatternApp.swift */ = {isa = PBXFileReference; lastKnownFileType = sourcecode.swift; path = SwiftUI_X_CoordinatorPatternApp.swift; sourceTree = "<group>"; };
		30F7A75A2BFFE7D700BA2FD6 /* ContentView.swift */ = {isa = PBXFileReference; lastKnownFileType = sourcecode.swift; path = ContentView.swift; sourceTree = "<group>"; };
		30F7A75C2BFFE7D900BA2FD6 /* Assets.xcassets */ = {isa = PBXFileReference; lastKnownFileType = folder.assetcatalog; path = Assets.xcassets; sourceTree = "<group>"; };
		30F7A75F2BFFE7D900BA2FD6 /* Preview Assets.xcassets */ = {isa = PBXFileReference; lastKnownFileType = folder.assetcatalog; path = "Preview Assets.xcassets"; sourceTree = "<group>"; };
		30F7A7662BFFE80C00BA2FD6 /* MainView.swift */ = {isa = PBXFileReference; lastKnownFileType = sourcecode.swift; path = MainView.swift; sourceTree = "<group>"; };
		30F7A7682BFFE81E00BA2FD6 /* CockView.swift */ = {isa = PBXFileReference; lastKnownFileType = sourcecode.swift; path = CockView.swift; sourceTree = "<group>"; };
		30F7A76A2BFFE82E00BA2FD6 /* SheepView.swift */ = {isa = PBXFileReference; lastKnownFileType = sourcecode.swift; path = SheepView.swift; sourceTree = "<group>"; };
		30F7A76C2BFFE83A00BA2FD6 /* CatView.swift */ = {isa = PBXFileReference; lastKnownFileType = sourcecode.swift; path = CatView.swift; sourceTree = "<group>"; };
		30F7A76E2BFFE85600BA2FD6 /* SnakeView.swift */ = {isa = PBXFileReference; lastKnownFileType = sourcecode.swift; path = SnakeView.swift; sourceTree = "<group>"; };
		30F7A7702BFFE86400BA2FD6 /* CoordinatorView.swift */ = {isa = PBXFileReference; lastKnownFileType = sourcecode.swift; path = CoordinatorView.swift; sourceTree = "<group>"; };
		30F7A7722BFFE87500BA2FD6 /* Coordinator.swift */ = {isa = PBXFileReference; lastKnownFileType = sourcecode.swift; path = Coordinator.swift; sourceTree = "<group>"; };
/* End PBXFileReference section */

/* Begin PBXFrameworksBuildPhase section */
		30F7A7522BFFE7D700BA2FD6 /* Frameworks */ = {
			isa = PBXFrameworksBuildPhase;
			buildActionMask = 2147483647;
			files = (
			);
			runOnlyForDeploymentPostprocessing = 0;
		};
/* End PBXFrameworksBuildPhase section */

/* Begin PBXGroup section */
		30F7A74C2BFFE7D700BA2FD6 = {
			isa = PBXGroup;
			children = (
				30F7A7572BFFE7D700BA2FD6 /* SwiftUI X CoordinatorPattern */,
				30F7A7562BFFE7D700BA2FD6 /* Products */,
			);
			sourceTree = "<group>";
		};
		30F7A7562BFFE7D700BA2FD6 /* Products */ = {
			isa = PBXGroup;
			children = (
				30F7A7552BFFE7D700BA2FD6 /* SwiftUI X CoordinatorPattern.app */,
			);
			name = Products;
			sourceTree = "<group>";
		};
		30F7A7572BFFE7D700BA2FD6 /* SwiftUI X CoordinatorPattern */ = {
			isa = PBXGroup;
			children = (
				30F7A7582BFFE7D700BA2FD6 /* SwiftUI_X_CoordinatorPatternApp.swift */,
				30F7A7662BFFE80C00BA2FD6 /* MainView.swift */,
				30F7A7682BFFE81E00BA2FD6 /* CockView.swift */,
				30F7A76A2BFFE82E00BA2FD6 /* SheepView.swift */,
				30F7A76C2BFFE83A00BA2FD6 /* CatView.swift */,
				30F7A76E2BFFE85600BA2FD6 /* SnakeView.swift */,
				30F7A7702BFFE86400BA2FD6 /* CoordinatorView.swift */,
				30F7A7722BFFE87500BA2FD6 /* Coordinator.swift */,
				30F7A75A2BFFE7D700BA2FD6 /* ContentView.swift */,
				30F7A75C2BFFE7D900BA2FD6 /* Assets.xcassets */,
				30F7A75E2BFFE7D900BA2FD6 /* Preview Content */,
			);
			path = "SwiftUI X CoordinatorPattern";
			sourceTree = "<group>";
		};
		30F7A75E2BFFE7D900BA2FD6 /* Preview Content */ = {
			isa = PBXGroup;
			children = (
				30F7A75F2BFFE7D900BA2FD6 /* Preview Assets.xcassets */,
			);
			path = "Preview Content";
			sourceTree = "<group>";
		};
/* End PBXGroup section */

/* Begin PBXNativeTarget section */
		30F7A7542BFFE7D700BA2FD6 /* SwiftUI X CoordinatorPattern */ = {
			isa = PBXNativeTarget;
			buildConfigurationList = 30F7A7632BFFE7D900BA2FD6 /* Build configuration list for PBXNativeTarget "SwiftUI X CoordinatorPattern" */;
			buildPhases = (
				30F7A7512BFFE7D700BA2FD6 /* Sources */,
				30F7A7522BFFE7D700BA2FD6 /* Frameworks */,
				30F7A7532BFFE7D700BA2FD6 /* Resources */,
			);
			buildRules = (
			);
			dependencies = (
			);
			name = "SwiftUI X CoordinatorPattern";
			productName = "SwiftUI X CoordinatorPattern";
			productReference = 30F7A7552BFFE7D700BA2FD6 /* SwiftUI X CoordinatorPattern.app */;
			productType = "com.apple.product-type.application";
		};
/* End PBXNativeTarget section */

/* Begin PBXProject section */
		30F7A74D2BFFE7D700BA2FD6 /* Project object */ = {
			isa = PBXProject;
			attributes = {
				BuildIndependentTargetsInParallel = 1;
				LastSwiftUpdateCheck = 1520;
				LastUpgradeCheck = 1520;
				TargetAttributes = {
					30F7A7542BFFE7D700BA2FD6 = {
						CreatedOnToolsVersion = 15.2;
					};
				};
			};
			buildConfigurationList = 30F7A7502BFFE7D700BA2FD6 /* Build configuration list for PBXProject "SwiftUI X CoordinatorPattern" */;
			compatibilityVersion = "Xcode 14.0";
			developmentRegion = en;
			hasScannedForEncodings = 0;
			knownRegions = (
				en,
				Base,
			);
			mainGroup = 30F7A74C2BFFE7D700BA2FD6;
			productRefGroup = 30F7A7562BFFE7D700BA2FD6 /* Products */;
			projectDirPath = "";
			projectRoot = "";
			targets = (
				30F7A7542BFFE7D700BA2FD6 /* SwiftUI X CoordinatorPattern */,
			);
		};
/* End PBXProject section */

/* Begin PBXResourcesBuildPhase section */
		30F7A7532BFFE7D700BA2FD6 /* Resources */ = {
			isa = PBXResourcesBuildPhase;
			buildActionMask = 2147483647;
			files = (
				30F7A7602BFFE7D900BA2FD6 /* Preview Assets.xcassets in Resources */,
				30F7A75D2BFFE7D900BA2FD6 /* Assets.xcassets in Resources */,
			);
			runOnlyForDeploymentPostprocessing = 0;
		};
/* End PBXResourcesBuildPhase section */

/* Begin PBXSourcesBuildPhase section */
		30F7A7512BFFE7D700BA2FD6 /* Sources */ = {
			isa = PBXSourcesBuildPhase;
			buildActionMask = 2147483647;
			files = (
				30F7A7692BFFE81E00BA2FD6 /* CockView.swift in Sources */,
				30F7A75B2BFFE7D700BA2FD6 /* ContentView.swift in Sources */,
				30F7A7672BFFE80C00BA2FD6 /* MainView.swift in Sources */,
				30F7A7592BFFE7D700BA2FD6 /* SwiftUI_X_CoordinatorPatternApp.swift in Sources */,
				30F7A76B2BFFE82E00BA2FD6 /* SheepView.swift in Sources */,
				30F7A76F2BFFE85600BA2FD6 /* SnakeView.swift in Sources */,
				30F7A76D2BFFE83A00BA2FD6 /* CatView.swift in Sources */,
				30F7A7712BFFE86400BA2FD6 /* CoordinatorView.swift in Sources */,
				30F7A7732BFFE87500BA2FD6 /* Coordinator.swift in Sources */,
			);
			runOnlyForDeploymentPostprocessing = 0;
		};
/* End PBXSourcesBuildPhase section */

/* Begin XCBuildConfiguration section */
		30F7A7612BFFE7D900BA2FD6 /* Debug */ = {
			isa = XCBuildConfiguration;
			buildSettings = {
				ALWAYS_SEARCH_USER_PATHS = NO;
				ASSETCATALOG_COMPILER_GENERATE_SWIFT_ASSET_SYMBOL_EXTENSIONS = YES;
				CLANG_ANALYZER_NONNULL = YES;
				CLANG_ANALYZER_NUMBER_OBJECT_CONVERSION = YES_AGGRESSIVE;
				CLANG_CXX_LANGUAGE_STANDARD = "gnu++20";
				CLANG_ENABLE_MODULES = YES;
				CLANG_ENABLE_OBJC_ARC = YES;
				CLANG_ENABLE_OBJC_WEAK = YES;
				CLANG_WARN_BLOCK_CAPTURE_AUTORELEASING = YES;
				CLANG_WARN_BOOL_CONVERSION = YES;
				CLANG_WARN_COMMA = YES;
				CLANG_WARN_CONSTANT_CONVERSION = YES;
				CLANG_WARN_DEPRECATED_OBJC_IMPLEMENTATIONS = YES;
				CLANG_WARN_DIRECT_OBJC_ISA_USAGE = YES_ERROR;
				CLANG_WARN_DOCUMENTATION_COMMENTS = YES;
				CLANG_WARN_EMPTY_BODY = YES;
				CLANG_WARN_ENUM_CONVERSION = YES;
				CLANG_WARN_INFINITE_RECURSION = YES;
				CLANG_WARN_INT_CONVERSION = YES;
				CLANG_WARN_NON_LITERAL_NULL_CONVERSION = YES;
				CLANG_WARN_OBJC_IMPLICIT_RETAIN_SELF = YES;
				CLANG_WARN_OBJC_LITERAL_CONVERSION = YES;
				CLANG_WARN_OBJC_ROOT_CLASS = YES_ERROR;
				CLANG_WARN_QUOTED_INCLUDE_IN_FRAMEWORK_HEADER = YES;
				CLANG_WARN_RANGE_LOOP_ANALYSIS = YES;
				CLANG_WARN_STRICT_PROTOTYPES = YES;
				CLANG_WARN_SUSPICIOUS_MOVE = YES;
				CLANG_WARN_UNGUARDED_AVAILABILITY = YES_AGGRESSIVE;
				CLANG_WARN_UNREACHABLE_CODE = YES;
				CLANG_WARN__DUPLICATE_METHOD_MATCH = YES;
				COPY_PHASE_STRIP = NO;
				DEBUG_INFORMATION_FORMAT = dwarf;
				ENABLE_STRICT_OBJC_MSGSEND = YES;
				ENABLE_TESTABILITY = YES;
				ENABLE_USER_SCRIPT_SANDBOXING = YES;
				GCC_C_LANGUAGE_STANDARD = gnu17;
				GCC_DYNAMIC_NO_PIC = NO;
				GCC_NO_COMMON_BLOCKS = YES;
				GCC_OPTIMIZATION_LEVEL = 0;
				GCC_PREPROCESSOR_DEFINITIONS = (
					"DEBUG=1",
					"$(inherited)",
				);
				GCC_WARN_64_TO_32_BIT_CONVERSION = YES;
				GCC_WARN_ABOUT_RETURN_TYPE = YES_ERROR;
				GCC_WARN_UNDECLARED_SELECTOR = YES;
				GCC_WARN_UNINITIALIZED_AUTOS = YES_AGGRESSIVE;
				GCC_WARN_UNUSED_FUNCTION = YES;
				GCC_WARN_UNUSED_VARIABLE = YES;
				IPHONEOS_DEPLOYMENT_TARGET = 17.2;
				LOCALIZATION_PREFERS_STRING_CATALOGS = YES;
				MTL_ENABLE_DEBUG_INFO = INCLUDE_SOURCE;
				MTL_FAST_MATH = YES;
				ONLY_ACTIVE_ARCH = YES;
				SDKROOT = iphoneos;
				SWIFT_ACTIVE_COMPILATION_CONDITIONS = "DEBUG $(inherited)";
				SWIFT_OPTIMIZATION_LEVEL = "-Onone";
			};
			name = Debug;
		};
		30F7A7622BFFE7D900BA2FD6 /* Release */ = {
			isa = XCBuildConfiguration;
			buildSettings = {
				ALWAYS_SEARCH_USER_PATHS = NO;
				ASSETCATALOG_COMPILER_GENERATE_SWIFT_ASSET_SYMBOL_EXTENSIONS = YES;
				CLANG_ANALYZER_NONNULL = YES;
				CLANG_ANALYZER_NUMBER_OBJECT_CONVERSION = YES_AGGRESSIVE;
				CLANG_CXX_LANGUAGE_STANDARD = "gnu++20";
				CLANG_ENABLE_MODULES = YES;
				CLANG_ENABLE_OBJC_ARC = YES;
				CLANG_ENABLE_OBJC_WEAK = YES;
				CLANG_WARN_BLOCK_CAPTURE_AUTORELEASING = YES;
				CLANG_WARN_BOOL_CONVERSION = YES;
				CLANG_WARN_COMMA = YES;
				CLANG_WARN_CONSTANT_CONVERSION = YES;
				CLANG_WARN_DEPRECATED_OBJC_IMPLEMENTATIONS = YES;
				CLANG_WARN_DIRECT_OBJC_ISA_USAGE = YES_ERROR;
				CLANG_WARN_DOCUMENTATION_COMMENTS = YES;
				CLANG_WARN_EMPTY_BODY = YES;
				CLANG_WARN_ENUM_CONVERSION = YES;
				CLANG_WARN_INFINITE_RECURSION = YES;
				CLANG_WARN_INT_CONVERSION = YES;
				CLANG_WARN_NON_LITERAL_NULL_CONVERSION = YES;
				CLANG_WARN_OBJC_IMPLICIT_RETAIN_SELF = YES;
				CLANG_WARN_OBJC_LITERAL_CONVERSION = YES;
				CLANG_WARN_OBJC_ROOT_CLASS = YES_ERROR;
				CLANG_WARN_QUOTED_INCLUDE_IN_FRAMEWORK_HEADER = YES;
				CLANG_WARN_RANGE_LOOP_ANALYSIS = YES;
				CLANG_WARN_STRICT_PROTOTYPES = YES;
				CLANG_WARN_SUSPICIOUS_MOVE = YES;
				CLANG_WARN_UNGUARDED_AVAILABILITY = YES_AGGRESSIVE;
				CLANG_WARN_UNREACHABLE_CODE = YES;
				CLANG_WARN__DUPLICATE_METHOD_MATCH = YES;
				COPY_PHASE_STRIP = NO;
				DEBUG_INFORMATION_FORMAT = "dwarf-with-dsym";
				ENABLE_NS_ASSERTIONS = NO;
				ENABLE_STRICT_OBJC_MSGSEND = YES;
				ENABLE_USER_SCRIPT_SANDBOXING = YES;
				GCC_C_LANGUAGE_STANDARD = gnu17;
				GCC_NO_COMMON_BLOCKS = YES;
				GCC_WARN_64_TO_32_BIT_CONVERSION = YES;
				GCC_WARN_ABOUT_RETURN_TYPE = YES_ERROR;
				GCC_WARN_UNDECLARED_SELECTOR = YES;
				GCC_WARN_UNINITIALIZED_AUTOS = YES_AGGRESSIVE;
				GCC_WARN_UNUSED_FUNCTION = YES;
				GCC_WARN_UNUSED_VARIABLE = YES;
				IPHONEOS_DEPLOYMENT_TARGET = 17.2;
				LOCALIZATION_PREFERS_STRING_CATALOGS = YES;
				MTL_ENABLE_DEBUG_INFO = NO;
				MTL_FAST_MATH = YES;
				SDKROOT = iphoneos;
				SWIFT_COMPILATION_MODE = wholemodule;
				VALIDATE_PRODUCT = YES;
			};
			name = Release;
		};
		30F7A7642BFFE7D900BA2FD6 /* Debug */ = {
			isa = XCBuildConfiguration;
			buildSettings = {
				ASSETCATALOG_COMPILER_APPICON_NAME = AppIcon;
				ASSETCATALOG_COMPILER_GLOBAL_ACCENT_COLOR_NAME = AccentColor;
				CODE_SIGN_STYLE = Automatic;
				CURRENT_PROJECT_VERSION = 1;
				DEVELOPMENT_ASSET_PATHS = "\"SwiftUI X CoordinatorPattern/Preview Content\"";
				ENABLE_PREVIEWS = YES;
				GENERATE_INFOPLIST_FILE = YES;
				INFOPLIST_KEY_UIApplicationSceneManifest_Generation = YES;
				INFOPLIST_KEY_UIApplicationSupportsIndirectInputEvents = YES;
				INFOPLIST_KEY_UILaunchScreen_Generation = YES;
				INFOPLIST_KEY_UISupportedInterfaceOrientations_iPad = "UIInterfaceOrientationPortrait UIInterfaceOrientationPortraitUpsideDown UIInterfaceOrientationLandscapeLeft UIInterfaceOrientationLandscapeRight";
				INFOPLIST_KEY_UISupportedInterfaceOrientations_iPhone = "UIInterfaceOrientationPortrait UIInterfaceOrientationLandscapeLeft UIInterfaceOrientationLandscapeRight";
				LD_RUNPATH_SEARCH_PATHS = (
					"$(inherited)",
					"@executable_path/Frameworks",
				);
				MARKETING_VERSION = 1.0;
				PRODUCT_BUNDLE_IDENTIFIER = "Romaroma.SwiftUI-X-CoordinatorPattern";
				PRODUCT_NAME = "$(TARGET_NAME)";
				SWIFT_EMIT_LOC_STRINGS = YES;
				SWIFT_VERSION = 5.0;
				TARGETED_DEVICE_FAMILY = "1,2";
			};
			name = Debug;
		};
		30F7A7652BFFE7D900BA2FD6 /* Release */ = {
			isa = XCBuildConfiguration;
			buildSettings = {
				ASSETCATALOG_COMPILER_APPICON_NAME = AppIcon;
				ASSETCATALOG_COMPILER_GLOBAL_ACCENT_COLOR_NAME = AccentColor;
				CODE_SIGN_STYLE = Automatic;
				CURRENT_PROJECT_VERSION = 1;
				DEVELOPMENT_ASSET_PATHS = "\"SwiftUI X CoordinatorPattern/Preview Content\"";
				ENABLE_PREVIEWS = YES;
				GENERATE_INFOPLIST_FILE = YES;
				INFOPLIST_KEY_UIApplicationSceneManifest_Generation = YES;
				INFOPLIST_KEY_UIApplicationSupportsIndirectInputEvents = YES;
				INFOPLIST_KEY_UILaunchScreen_Generation = YES;
				INFOPLIST_KEY_UISupportedInterfaceOrientations_iPad = "UIInterfaceOrientationPortrait UIInterfaceOrientationPortraitUpsideDown UIInterfaceOrientationLandscapeLeft UIInterfaceOrientationLandscapeRight";
				INFOPLIST_KEY_UISupportedInterfaceOrientations_iPhone = "UIInterfaceOrientationPortrait UIInterfaceOrientationLandscapeLeft UIInterfaceOrientationLandscapeRight";
				LD_RUNPATH_SEARCH_PATHS = (
					"$(inherited)",
					"@executable_path/Frameworks",
				);
				MARKETING_VERSION = 1.0;
				PRODUCT_BUNDLE_IDENTIFIER = "Romaroma.SwiftUI-X-CoordinatorPattern";
				PRODUCT_NAME = "$(TARGET_NAME)";
				SWIFT_EMIT_LOC_STRINGS = YES;
				SWIFT_VERSION = 5.0;
				TARGETED_DEVICE_FAMILY = "1,2";
			};
			name = Release;
		};
/* End XCBuildConfiguration section */

/* Begin XCConfigurationList section */
		30F7A7502BFFE7D700BA2FD6 /* Build configuration list for PBXProject "SwiftUI X CoordinatorPattern" */ = {
			isa = XCConfigurationList;
			buildConfigurations = (
				30F7A7612BFFE7D900BA2FD6 /* Debug */,
				30F7A7622BFFE7D900BA2FD6 /* Release */,
			);
			defaultConfigurationIsVisible = 0;
			defaultConfigurationName = Release;
		};
		30F7A7632BFFE7D900BA2FD6 /* Build configuration list for PBXNativeTarget "SwiftUI X CoordinatorPattern" */ = {
			isa = XCConfigurationList;
			buildConfigurations = (
				30F7A7642BFFE7D900BA2FD6 /* Debug */,
				30F7A7652BFFE7D900BA2FD6 /* Release */,
			);
			defaultConfigurationIsVisible = 0;
			defaultConfigurationName = Release;
		};
/* End XCConfigurationList section */
	};
	rootObject = 30F7A74D2BFFE7D700BA2FD6 /* Project object */;
}
